
Microsoft Visual Studio Solution File, Format Version 12.00
# Visual Studio Version 16
VisualStudioVersion = 16.0.31729.503
MinimumVisualStudioVersion = 10.0.40219.1
Project("{FAE04EC0-301F-11D3-BF4B-00C04F79EFBC}") = "TutoXamarin.iOS", "Xamarin\Xamarin.iOS\TutoXamarin.iOS.csproj", "{FF3DB725-2085-47E9-BC02-1C002E09FA2B}"
EndProject
Project("{D954291E-2A0B-460D-934E-DC6B0785DB48}") = "TutoXamarin", "Xamarin\Xamarin\TutoXamarin.shproj", "{D2483C58-7564-4E3E-A37A-756A74FE0EFF}"
EndProject
Global
	GlobalSection(SharedMSBuildProjectFiles) = preSolution
		Xamarin\Xamarin\TutoXamarin.projitems*{d2483c58-7564-4e3e-a37a-756a74fe0eff}*SharedItemsImports = 13
		Xamarin\Xamarin\TutoXamarin.projitems*{ec207f3d-6538-4998-97de-f52471ebd21d}*SharedItemsImports = 4
	EndGlobalSection
	GlobalSection(SolutionConfigurationPlatforms) = preSolution
		Ad-Hoc|Any CPU = Ad-Hoc|Any CPU
		Ad-Hoc|ARM = Ad-Hoc|ARM
		Ad-Hoc|iPhone = Ad-Hoc|iPhone
		Ad-Hoc|iPhoneSimulator = Ad-Hoc|iPhoneSimulator
		Ad-Hoc|x64 = Ad-Hoc|x64
		Ad-Hoc|x86 = Ad-Hoc|x86
		AppStore|Any CPU = AppStore|Any CPU
		AppStore|ARM = AppStore|ARM
		AppStore|iPhone = AppStore|iPhone
		AppStore|iPhoneSimulator = AppStore|iPhoneSimulator
		AppStore|x64 = AppStore|x64
		AppStore|x86 = AppStore|x86
		Debug|Any CPU = Debug|Any CPU
		Debug|ARM = Debug|ARM
		Debug|iPhone = Debug|iPhone
		Debug|iPhoneSimulator = Debug|iPhoneSimulator
		Debug|x64 = Debug|x64
		Debug|x86 = Debug|x86
		Release|Any CPU = Release|Any CPU
		Release|ARM = Release|ARM
		Release|iPhone = Release|iPhone
		Release|iPhoneSimulator = Release|iPhoneSimulator
		Release|x64 = Release|x64
		Release|x86 = Release|x86
	EndGlobalSection
	GlobalSection(ProjectConfigurationPlatforms) = postSolution
		{FF3DB725-2085-47E9-BC02-1C002E09FA2B}.Ad-Hoc|Any CPU.ActiveCfg = Ad-Hoc|iPhone
		{FF3DB725-2085-47E9-BC02-1C002E09FA2B}.Ad-Hoc|Any CPU.Build.0 = Ad-Hoc|iPhone
		{FF3DB725-2085-47E9-BC02-1C002E09FA2B}.Ad-Hoc|Any CPU.Deploy.0 = Ad-Hoc|iPhone
		{FF3DB725-2085-47E9-BC02-1C002E09FA2B}.Ad-Hoc|ARM.ActiveCfg = Ad-Hoc|iPhoneSimulator
		{FF3DB725-2085-47E9-BC02-1C002E09FA2B}.Ad-Hoc|iPhone.ActiveCfg = Ad-Hoc|iPhone
		{FF3DB725-2085-47E9-BC02-1C002E09FA2B}.Ad-Hoc|iPhone.Build.0 = Ad-Hoc|iPhone
		{FF3DB725-2085-47E9-BC02-1C002E09FA2B}.Ad-Hoc|iPhone.Deploy.0 = Ad-Hoc|iPhone
		{FF3DB725-2085-47E9-BC02-1C002E09FA2B}.Ad-Hoc|iPhoneSimulator.ActiveCfg = Ad-Hoc|iPhoneSimulator
		{FF3DB725-2085-47E9-BC02-1C002E09FA2B}.Ad-Hoc|iPhoneSimulator.Build.0 = Ad-Hoc|iPhoneSimulator
		{FF3DB725-2085-47E9-BC02-1C002E09FA2B}.Ad-Hoc|iPhoneSimulator.Deploy.0 = Ad-Hoc|iPhoneSimulator
		{FF3DB725-2085-47E9-BC02-1C002E09FA2B}.Ad-Hoc|x64.ActiveCfg = Ad-Hoc|iPhoneSimulator
		{FF3DB725-2085-47E9-BC02-1C002E09FA2B}.Ad-Hoc|x86.ActiveCfg = Ad-Hoc|iPhoneSimulator
		{FF3DB725-2085-47E9-BC02-1C002E09FA2B}.AppStore|Any CPU.ActiveCfg = AppStore|iPhone
		{FF3DB725-2085-47E9-BC02-1C002E09FA2B}.AppStore|Any CPU.Build.0 = AppStore|iPhone
		{FF3DB725-2085-47E9-BC02-1C002E09FA2B}.AppStore|Any CPU.Deploy.0 = AppStore|iPhone
		{FF3DB725-2085-47E9-BC02-1C002E09FA2B}.AppStore|ARM.ActiveCfg = AppStore|iPhoneSimulator
		{FF3DB725-2085-47E9-BC02-1C002E09FA2B}.AppStore|iPhone.ActiveCfg = AppStore|iPhone
		{FF3DB725-2085-47E9-BC02-1C002E09FA2B}.AppStore|iPhone.Build.0 = AppStore|iPhone
		{FF3DB725-2085-47E9-BC02-1C002E09FA2B}.AppStore|iPhone.Deploy.0 = AppStore|iPhone
		{FF3DB725-2085-47E9-BC02-1C002E09FA2B}.AppStore|iPhoneSimulator.ActiveCfg = AppStore|iPhoneSimulator
		{FF3DB725-2085-47E9-BC02-1C002E09FA2B}.AppStore|iPhoneSimulator.Build.0 = AppStore|iPhoneSimulator
		{FF3DB725-2085-47E9-BC02-1C002E09FA2B}.AppStore|iPhoneSimulator.Deploy.0 = AppStore|iPhoneSimulator
		{FF3DB725-2085-47E9-BC02-1C002E09FA2B}.AppStore|x64.ActiveCfg = AppStore|iPhoneSimulator
		{FF3DB725-2085-47E9-BC02-1C002E09FA2B}.AppStore|x86.ActiveCfg = AppStore|iPhoneSimulator
		{FF3DB725-2085-47E9-BC02-1C002E09FA2B}.Debug|Any CPU.ActiveCfg = Debug|iPhoneSimulator
		{FF3DB725-2085-47E9-BC02-1C002E09FA2B}.Debug|Any CPU.Build.0 = Debug|iPhoneSimulator
		{FF3DB725-2085-47E9-BC02-1C002E09FA2B}.Debug|Any CPU.Deploy.0 = Debug|iPhoneSimulator
		{FF3DB725-2085-47E9-BC02-1C002E09FA2B}.Debug|ARM.ActiveCfg = Debug|iPhone
		{FF3DB725-2085-47E9-BC02-1C002E09FA2B}.Debug|iPhone.ActiveCfg = Debug|iPhone
		{FF3DB725-2085-47E9-BC02-1C002E09FA2B}.Debug|iPhone.Build.0 = Debug|iPhone
		{FF3DB725-2085-47E9-BC02-1C002E09FA2B}.Debug|iPhone.Deploy.0 = Debug|iPhone
		{FF3DB725-2085-47E9-BC02-1C002E09FA2B}.Debug|iPhoneSimulator.ActiveCfg = Debug|iPhoneSimulator
		{FF3DB725-2085-47E9-BC02-1C002E09FA2B}.Debug|iPhoneSimulator.Build.0 = Debug|iPhoneSimulator
		{FF3DB725-2085-47E9-BC02-1C002E09FA2B}.Debug|iPhoneSimulator.Deploy.0 = Debug|iPhoneSimulator
		{FF3DB725-2085-47E9-BC02-1C002E09FA2B}.Debug|x64.ActiveCfg = Debug|iPhone
		{FF3DB725-2085-47E9-BC02-1C002E09FA2B}.Debug|x86.ActiveCfg = Debug|iPhone
		{FF3DB725-2085-47E9-BC02-1C002E09FA2B}.Release|Any CPU.ActiveCfg = Release|iPhone
		{FF3DB725-2085-47E9-BC02-1C002E09FA2B}.Release|Any CPU.Build.0 = Release|iPhone
		{FF3DB725-2085-47E9-BC02-1C002E09FA2B}.Release|Any CPU.Deploy.0 = Release|iPhone
		{FF3DB725-2085-47E9-BC02-1C002E09FA2B}.Release|ARM.ActiveCfg = Release|iPhoneSimulator
		{FF3DB725-2085-47E9-BC02-1C002E09FA2B}.Release|iPhone.ActiveCfg = Release|iPhone
		{FF3DB725-2085-47E9-BC02-1C002E09FA2B}.Release|iPhone.Build.0 = Release|iPhone
		{FF3DB725-2085-47E9-BC02-1C002E09FA2B}.Release|iPhone.Deploy.0 = Release|iPhone
		{FF3DB725-2085-47E9-BC02-1C002E09FA2B}.Release|iPhoneSimulator.ActiveCfg = Release|iPhoneSimulator
		{FF3DB725-2085-47E9-BC02-1C002E09FA2B}.Release|iPhoneSimulator.Build.0 = Release|iPhoneSimulator
		{FF3DB725-2085-47E9-BC02-1C002E09FA2B}.Release|iPhoneSimulator.Deploy.0 = Release|iPhoneSimulator
		{FF3DB725-2085-47E9-BC02-1C002E09FA2B}.Release|x64.ActiveCfg = Release|iPhoneSimulator
		{FF3DB725-2085-47E9-BC02-1C002E09FA2B}.Release|x86.ActiveCfg = Release|iPhoneSimulator
	EndGlobalSection
	GlobalSection(SolutionProperties) = preSolution
		HideSolutionNode = FALSE
	EndGlobalSection
	GlobalSection(ExtensibilityGlobals) = postSolution
		SolutionGuid = {2481A873-DBDF-49C8-8597-71372F66208C}
	EndGlobalSection
EndGlobal
